// !$*UTF8*$!
{
	archiveVersion = 1;
	classes = {
	};
	objectVersion = 48;
	objects = {

/* Begin PBXBuildFile section */
		9C614A83206ACDB000A68A41 /* Calculator iOS 11.png in Resources */ = {isa = PBXBuildFile; fileRef = 9C614A82206ACDB000A68A41 /* Calculator iOS 11.png */; };
		9CCA4E0F20442FC200E3A648 /* AppDelegate.swift in Sources */ = {isa = PBXBuildFile; fileRef = 9CCA4E0E20442FC200E3A648 /* AppDelegate.swift */; };
		9CCA4E1120442FC200E3A648 /* ViewController.swift in Sources */ = {isa = PBXBuildFile; fileRef = 9CCA4E1020442FC200E3A648 /* ViewController.swift */; };
		9CCA4E1420442FC200E3A648 /* Main.storyboard in Resources */ = {isa = PBXBuildFile; fileRef = 9CCA4E1220442FC200E3A648 /* Main.storyboard */; };
		9CCA4E1620442FC200E3A648 /* Assets.xcassets in Resources */ = {isa = PBXBuildFile; fileRef = 9CCA4E1520442FC200E3A648 /* Assets.xcassets */; };
		9CCA4E1920442FC200E3A648 /* LaunchScreen.storyboard in Resources */ = {isa = PBXBuildFile; fileRef = 9CCA4E1720442FC200E3A648 /* LaunchScreen.storyboard */; };
		9CCA4E212044310D00E3A648 /* RoundButton.swift in Sources */ = {isa = PBXBuildFile; fileRef = 9CCA4E202044310D00E3A648 /* RoundButton.swift */; };
/* End PBXBuildFile section */

/* Begin PBXFileReference section */
		9C614A82206ACDB000A68A41 /* Calculator iOS 11.png */ = {isa = PBXFileReference; lastKnownFileType = image.png; path = "Calculator iOS 11.png"; sourceTree = "<group>"; };
		9CCA4E0B20442FC200E3A648 /* Calculator iOS11.app */ = {isa = PBXFileReference; explicitFileType = wrapper.application; includeInIndex = 0; path = "Calculator iOS11.app"; sourceTree = BUILT_PRODUCTS_DIR; };
		9CCA4E0E20442FC200E3A648 /* AppDelegate.swift */ = {isa = PBXFileReference; lastKnownFileType = sourcecode.swift; path = AppDelegate.swift; sourceTree = "<group>"; };
		9CCA4E1020442FC200E3A648 /* ViewController.swift */ = {isa = PBXFileReference; lastKnownFileType = sourcecode.swift; path = ViewController.swift; sourceTree = "<group>"; };
		9CCA4E1320442FC200E3A648 /* Base */ = {isa = PBXFileReference; lastKnownFileType = file.storyboard; name = Base; path = Base.lproj/Main.storyboard; sourceTree = "<group>"; };
		9CCA4E1520442FC200E3A648 /* Assets.xcassets */ = {isa = PBXFileReference; lastKnownFileType = folder.assetcatalog; path = Assets.xcassets; sourceTree = "<group>"; };
		9CCA4E1820442FC200E3A648 /* Base */ = {isa = PBXFileReference; lastKnownFileType = file.storyboard; name = Base; path = Base.lproj/LaunchScreen.storyboard; sourceTree = "<group>"; };
		9CCA4E1A20442FC200E3A648 /* Info.plist */ = {isa = PBXFileReference; lastKnownFileType = text.plist.xml; path = Info.plist; sourceTree = "<group>"; };
		9CCA4E202044310D00E3A648 /* RoundButton.swift */ = {isa = PBXFileReference; lastKnownFileType = sourcecode.swift; path = RoundButton.swift; sourceTree = "<group>"; };
/* End PBXFileReference section */

/* Begin PBXFrameworksBuildPhase section */
		9CCA4E0820442FC200E3A648 /* Frameworks */ = {
			isa = PBXFrameworksBuildPhase;
			buildActionMask = 2147483647;
			files = (
			);
			runOnlyForDeploymentPostprocessing = 0;
		};
/* End PBXFrameworksBuildPhase section */

/* Begin PBXGroup section */
		9C614A81206ACDA100A68A41 /* Screenshots */ = {
			isa = PBXGroup;
			children = (
				9C614A82206ACDB000A68A41 /* Calculator iOS 11.png */,
			);
			path = Screenshots;
			sourceTree = "<group>";
		};
		9CCA4E0220442FC200E3A648 = {
			isa = PBXGroup;
			children = (
				9CCA4E0D20442FC200E3A648 /* Calculator iOS11 */,
				9CCA4E0C20442FC200E3A648 /* Products */,
			);
			sourceTree = "<group>";
		};
		9CCA4E0C20442FC200E3A648 /* Products */ = {
			isa = PBXGroup;
			children = (
				9CCA4E0B20442FC200E3A648 /* Calculator iOS11.app */,
			);
			name = Products;
			sourceTree = "<group>";
		};
		9CCA4E0D20442FC200E3A648 /* Calculator iOS11 */ = {
			isa = PBXGroup;
			children = (
				9C614A81206ACDA100A68A41 /* Screenshots */,
				9CCA4E0E20442FC200E3A648 /* AppDelegate.swift */,
				9CCA4E1020442FC200E3A648 /* ViewController.swift */,
				9CCA4E1220442FC200E3A648 /* Main.storyboard */,
				9CCA4E1520442FC200E3A648 /* Assets.xcassets */,
				9CCA4E1720442FC200E3A648 /* LaunchScreen.storyboard */,
				9CCA4E1A20442FC200E3A648 /* Info.plist */,
				9CCA4E202044310D00E3A648 /* RoundButton.swift */,
			);
			path = "Calculator iOS11";
			sourceTree = "<group>";
		};
/* End PBXGroup section */

/* Begin PBXNativeTarget section */
		9CCA4E0A20442FC200E3A648 /* Calculator iOS11 */ = {
			isa = PBXNativeTarget;
			buildConfigurationList = 9CCA4E1D20442FC200E3A648 /* Build configuration list for PBXNativeTarget "Calculator iOS11" */;
			buildPhases = (
				9CCA4E0720442FC200E3A648 /* Sources */,
				9CCA4E0820442FC200E3A648 /* Frameworks */,
				9CCA4E0920442FC200E3A648 /* Resources */,
			);
			buildRules = (
			);
			dependencies = (
			);
			name = "Calculator iOS11";
			productName = "Calculator iOS11";
			productReference = 9CCA4E0B20442FC200E3A648 /* Calculator iOS11.app */;
			productType = "com.apple.product-type.application";
		};
/* End PBXNativeTarget section */

/* Begin PBXProject section */
		9CCA4E0320442FC200E3A648 /* Project object */ = {
			isa = PBXProject;
			attributes = {
				LastSwiftUpdateCheck = 0920;
				LastUpgradeCheck = 0920;
				ORGANIZATIONNAME = "Bilal Kamal Co.";
				TargetAttributes = {
					9CCA4E0A20442FC200E3A648 = {
						CreatedOnToolsVersion = 9.2;
						ProvisioningStyle = Automatic;
					};
				};
			};
			buildConfigurationList = 9CCA4E0620442FC200E3A648 /* Build configuration list for PBXProject "Calculator iOS11" */;
			compatibilityVersion = "Xcode 8.0";
			developmentRegion = en;
			hasScannedForEncodings = 0;
			knownRegions = (
				en,
				Base,
			);
			mainGroup = 9CCA4E0220442FC200E3A648;
			productRefGroup = 9CCA4E0C20442FC200E3A648 /* Products */;
			projectDirPath = "";
			projectRoot = "";
			targets = (
				9CCA4E0A20442FC200E3A648 /* Calculator iOS11 */,
			);
		};
/* End PBXProject section */

/* Begin PBXResourcesBuildPhase section */
		9CCA4E0920442FC200E3A648 /* Resources */ = {
			isa = PBXResourcesBuildPhase;
			buildActionMask = 2147483647;
			files = (
				9CCA4E1920442FC200E3A648 /* LaunchScreen.storyboard in Resources */,
				9CCA4E1620442FC200E3A648 /* Assets.xcassets in Resources */,
				9CCA4E1420442FC200E3A648 /* Main.storyboard in Resources */,
				9C614A83206ACDB000A68A41 /* Calculator iOS 11.png in Resources */,
			);
			runOnlyForDeploymentPostprocessing = 0;
		};
/* End PBXResourcesBuildPhase section */

/* Begin PBXSourcesBuildPhase section */
		9CCA4E0720442FC200E3A648 /* Sources */ = {
			isa = PBXSourcesBuildPhase;
			buildActionMask = 2147483647;
			files = (
				9CCA4E212044310D00E3A648 /* RoundButton.swift in Sources */,
				9CCA4E1120442FC200E3A648 /* ViewController.swift in Sources */,
				9CCA4E0F20442FC200E3A648 /* AppDelegate.swift in Sources */,
			);
			runOnlyForDeploymentPostprocessing = 0;
		};
/* End PBXSourcesBuildPhase section */

/* Begin PBXVariantGroup section */
		9CCA4E1220442FC200E3A648 /* Main.storyboard */ = {
			isa = PBXVariantGroup;
			children = (
				9CCA4E1320442FC200E3A648 /* Base */,
			);
			name = Main.storyboard;
			sourceTree = "<group>";
		};
		9CCA4E1720442FC200E3A648 /* LaunchScreen.storyboard */ = {
			isa = PBXVariantGroup;
			children = (
				9CCA4E1820442FC200E3A648 /* Base */,
			);
			name = LaunchScreen.storyboard;
			sourceTree = "<group>";
		};
/* End PBXVariantGroup section */

/* Begin XCBuildConfiguration section */
		9CCA4E1B20442FC200E3A648 /* Debug */ = {
			isa = XCBuildConfiguration;
			buildSettings = {
				ALWAYS_SEARCH_USER_PATHS = NO;
				CLANG_ANALYZER_NONNULL = YES;
				CLANG_ANALYZER_NUMBER_OBJECT_CONVERSION = YES_AGGRESSIVE;
				CLANG_CXX_LANGUAGE_STANDARD = "gnu++14";
				CLANG_CXX_LIBRARY = "libc++";
				CLANG_ENABLE_MODULES = YES;
				CLANG_ENABLE_OBJC_ARC = YES;
				CLANG_WARN_BLOCK_CAPTURE_AUTORELEASING = YES;
				CLANG_WARN_BOOL_CONVERSION = YES;
				CLANG_WARN_COMMA = YES;
				CLANG_WARN_CONSTANT_CONVERSION = YES;
				CLANG_WARN_DIRECT_OBJC_ISA_USAGE = YES_ERROR;
				CLANG_WARN_DOCUMENTATION_COMMENTS = YES;
				CLANG_WARN_EMPTY_BODY = YES;
				CLANG_WARN_ENUM_CONVERSION = YES;
				CLANG_WARN_INFINITE_RECURSION = YES;
				CLANG_WARN_INT_CONVERSION = YES;
				CLANG_WARN_NON_LITERAL_NULL_CONVERSION = YES;
				CLANG_WARN_OBJC_LITERAL_CONVERSION = YES;
				CLANG_WARN_OBJC_ROOT_CLASS = YES_ERROR;
				CLANG_WARN_RANGE_LOOP_ANALYSIS = YES;
				CLANG_WARN_STRICT_PROTOTYPES = YES;
				CLANG_WARN_SUSPICIOUS_MOVE = YES;
				CLANG_WARN_UNGUARDED_AVAILABILITY = YES_AGGRESSIVE;
				CLANG_WARN_UNREACHABLE_CODE = YES;
				CLANG_WARN__DUPLICATE_METHOD_MATCH = YES;
				CODE_SIGN_IDENTITY = "iPhone Developer";
				COPY_PHASE_STRIP = NO;
				DEBUG_INFORMATION_FORMAT = dwarf;
				ENABLE_STRICT_OBJC_MSGSEND = YES;
				ENABLE_TESTABILITY = YES;
				GCC_C_LANGUAGE_STANDARD = gnu11;
				GCC_DYNAMIC_NO_PIC = NO;
				GCC_NO_COMMON_BLOCKS = YES;
				GCC_OPTIMIZATION_LEVEL = 0;
				GCC_PREPROCESSOR_DEFINITIONS = (
					"DEBUG=1",
					"$(inherited)",
				);
				GCC_WARN_64_TO_32_BIT_CONVERSION = YES;
				GCC_WARN_ABOUT_RETURN_TYPE = YES_ERROR;
				GCC_WARN_UNDECLARED_SELECTOR = YES;
				GCC_WARN_UNINITIALIZED_AUTOS = YES_AGGRESSIVE;
				GCC_WARN_UNUSED_FUNCTION = YES;
				GCC_WARN_UNUSED_VARIABLE = YES;
				IPHONEOS_DEPLOYMENT_TARGET = 11.2;
				MTL_ENABLE_DEBUG_INFO = YES;
				ONLY_ACTIVE_ARCH = YES;
				SDKROOT = iphoneos;
				SWIFT_ACTIVE_COMPILATION_CONDITIONS = DEBUG;
				SWIFT_OPTIMIZATION_LEVEL = "-Onone";
			};
			name = Debug;
		};
		9CCA4E1C20442FC200E3A648 /* Release */ = {
			isa = XCBuildConfiguration;
			buildSettings = {
				ALWAYS_SEARCH_USER_PATHS = NO;
				CLANG_ANALYZER_NONNULL = YES;
				CLANG_ANALYZER_NUMBER_OBJECT_CONVERSION = YES_AGGRESSIVE;
				CLANG_CXX_LANGUAGE_STANDARD = "gnu++14";
				CLANG_CXX_LIBRARY = "libc++";
				CLANG_ENABLE_MODULES = YES;
				CLANG_ENABLE_OBJC_ARC = YES;
				CLANG_WARN_BLOCK_CAPTURE_AUTORELEASING = YES;
				CLANG_WARN_BOOL_CONVERSION = YES;
				CLANG_WARN_COMMA = YES;
				CLANG_WARN_CONSTANT_CONVERSION = YES;
				CLANG_WARN_DIRECT_OBJC_ISA_USAGE = YES_ERROR;
				CLANG_WARN_DOCUMENTATION_COMMENTS = YES;
				CLANG_WARN_EMPTY_BODY = YES;
				CLANG_WARN_ENUM_CONVERSION = YES;
				CLANG_WARN_INFINITE_RECURSION = YES;
				CLANG_WARN_INT_CONVERSION = YES;
				CLANG_WARN_NON_LITERAL_NULL_CONVERSION = YES;
				CLANG_WARN_OBJC_LITERAL_CONVERSION = YES;
				CLANG_WARN_OBJC_ROOT_CLASS = YES_ERROR;
				CLANG_WARN_RANGE_LOOP_ANALYSIS = YES;
				CLANG_WARN_STRICT_PROTOTYPES = YES;
				CLANG_WARN_SUSPICIOUS_MOVE = YES;
				CLANG_WARN_UNGUARDED_AVAILABILITY = YES_AGGRESSIVE;
				CLANG_WARN_UNREACHABLE_CODE = YES;
				CLANG_WARN__DUPLICATE_METHOD_MATCH = YES;
				CODE_SIGN_IDENTITY = "iPhone Developer";
				COPY_PHASE_STRIP = NO;
				DEBUG_INFORMATION_FORMAT = "dwarf-with-dsym";
				ENABLE_NS_ASSERTIONS = NO;
				ENABLE_STRICT_OBJC_MSGSEND = YES;
				GCC_C_LANGUAGE_STANDARD = gnu11;
				GCC_NO_COMMON_BLOCKS = YES;
				GCC_WARN_64_TO_32_BIT_CONVERSION = YES;
				GCC_WARN_ABOUT_RETURN_TYPE = YES_ERROR;
				GCC_WARN_UNDECLARED_SELECTOR = YES;
				GCC_WARN_UNINITIALIZED_AUTOS = YES_AGGRESSIVE;
				GCC_WARN_UNUSED_FUNCTION = YES;
				GCC_WARN_UNUSED_VARIABLE = YES;
				IPHONEOS_DEPLOYMENT_TARGET = 11.2;
				MTL_ENABLE_DEBUG_INFO = NO;
				SDKROOT = iphoneos;
				SWIFT_OPTIMIZATION_LEVEL = "-Owholemodule";
				VALIDATE_PRODUCT = YES;
			};
			name = Release;
		};
		9CCA4E1E20442FC200E3A648 /* Debug */ = {
			isa = XCBuildConfiguration;
			buildSettings = {
				ASSETCATALOG_COMPILER_APPICON_NAME = AppIcon;
				CODE_SIGN_STYLE = Automatic;
				DEVELOPMENT_TEAM = GM44X4PZ34;
				INFOPLIST_FILE = "Calculator iOS11/Info.plist";
				LD_RUNPATH_SEARCH_PATHS = "$(inherited) @executable_path/Frameworks";
				PRODUCT_BUNDLE_IDENTIFIER = "com.Bilalkamal.Calculator-iOS11";
				PRODUCT_NAME = "$(TARGET_NAME)";
				SWIFT_VERSION = 4.0;
				TARGETED_DEVICE_FAMILY = "1,2";
			};
			name = Debug;
		};
		9CCA4E1F20442FC200E3A648 /* Release */ = {
			isa = XCBuildConfiguration;
			buildSettings = {
				ASSETCATALOG_COMPILER_APPICON_NAME = AppIcon;
				CODE_SIGN_STYLE = Automatic;
				DEVELOPMENT_TEAM = GM44X4PZ34;
				INFOPLIST_FILE = "Calculator iOS11/Info.plist";
				LD_RUNPATH_SEARCH_PATHS = "$(inherited) @executable_path/Frameworks";
				PRODUCT_BUNDLE_IDENTIFIER = "com.Bilalkamal.Calculator-iOS11";
				PRODUCT_NAME = "$(TARGET_NAME)";
				SWIFT_VERSION = 4.0;
				TARGETED_DEVICE_FAMILY = "1,2";
			};
			name = Release;
		};
/* End XCBuildConfiguration section */

/* Begin XCConfigurationList section */
		9CCA4E0620442FC200E3A648 /* Build configuration list for PBXProject "Calculator iOS11" */ = {
			isa = XCConfigurationList;
			buildConfigurations = (
				9CCA4E1B20442FC200E3A648 /* Debug */,
				9CCA4E1C20442FC200E3A648 /* Release */,
			);
			defaultConfigurationIsVisible = 0;
			defaultConfigurationName = Release;
		};
		9CCA4E1D20442FC200E3A648 /* Build configuration list for PBXNativeTarget "Calculator iOS11" */ = {
			isa = XCConfigurationList;
			buildConfigurations = (
				9CCA4E1E20442FC200E3A648 /* Debug */,
				9CCA4E1F20442FC200E3A648 /* Release */,
			);
			defaultConfigurationIsVisible = 0;
			defaultConfigurationName = Release;
		};
/* End XCConfigurationList section */
	};
	rootObject = 9CCA4E0320442FC200E3A648 /* Project object */;
}
